
Microsoft Visual Studio Solution File, Format Version 12.00
Project("{FAE04EC0-301F-11D3-BF4B-00C04F79EFBC}") = "EVCharging.Repositories.TrongLH", "EVCharging.Repositories.TrongLH\EVCharging.Repositories.TrongLH.csproj", "{4E0DD77A-26D2-430B-AAC2-3011718564EE}"
EndProject
Project("{FAE04EC0-301F-11D3-BF4B-00C04F79EFBC}") = "EVCharging.Services.TrongLH", "EVCharging.Services.TrongLH\EVCharging.Services.TrongLH.csproj", "{03A8D279-386F-49EA-A0D1-956858DAB070}"
EndProject
Project("{FAE04EC0-301F-11D3-BF4B-00C04F79EFBC}") = "EVCharing.gRPCService.TrongLH", "EVCharing.gRPCService.TrongLH\EVCharing.gRPCService.TrongLH.csproj", "{1D4D7B75-26B8-4F28-AECE-0369C22502A7}"
EndProject
Project("{FAE04EC0-301F-11D3-BF4B-00C04F79EFBC}") = "EVCharging.ConsoleApp.TrongLH", "EVCharging.ConsoleApp.TrongLH\EVCharging.ConsoleApp.TrongLH.csproj", "{B6E20DC0-CB1D-484D-8324-D5C3B609C024}"
EndProject
Project("{FAE04EC0-301F-11D3-BF4B-00C04F79EFBC}") = "EVCharging.WebApp.TrongLH", "EVCharging.WebApp.TrongLH\EVCharging.WebApp.TrongLH.csproj", "{7E6CF97B-7645-470A-B0D6-70C47D0EE5CD}"
EndProject
Project("{2150E333-8FDC-42A3-9474-1A3956D46DE8}") = "Solution Items", "Solution Items", "{0B40FDDA-4419-4784-AD06-3A65F8FBFA44}"
	ProjectSection(SolutionItems) = preProject
		compose.yaml = compose.yaml
	EndProjectSection
EndProject
Global
	GlobalSection(SolutionConfigurationPlatforms) = preSolution
		Debug|Any CPU = Debug|Any CPU
		Release|Any CPU = Release|Any CPU
	EndGlobalSection
	GlobalSection(ProjectConfigurationPlatforms) = postSolution
		{4E0DD77A-26D2-430B-AAC2-3011718564EE}.Debug|Any CPU.ActiveCfg = Debug|Any CPU
		{4E0DD77A-26D2-430B-AAC2-3011718564EE}.Debug|Any CPU.Build.0 = Debug|Any CPU
		{4E0DD77A-26D2-430B-AAC2-3011718564EE}.Release|Any CPU.ActiveCfg = Release|Any CPU
		{4E0DD77A-26D2-430B-AAC2-3011718564EE}.Release|Any CPU.Build.0 = Release|Any CPU
		{03A8D279-386F-49EA-A0D1-956858DAB070}.Debug|Any CPU.ActiveCfg = Debug|Any CPU
		{03A8D279-386F-49EA-A0D1-956858DAB070}.Debug|Any CPU.Build.0 = Debug|Any CPU
		{03A8D279-386F-49EA-A0D1-956858DAB070}.Release|Any CPU.ActiveCfg = Release|Any CPU
		{03A8D279-386F-49EA-A0D1-956858DAB070}.Release|Any CPU.Build.0 = Release|Any CPU
		{1D4D7B75-26B8-4F28-AECE-0369C22502A7}.Debug|Any CPU.ActiveCfg = Debug|Any CPU
		{1D4D7B75-26B8-4F28-AECE-0369C22502A7}.Debug|Any CPU.Build.0 = Debug|Any CPU
		{1D4D7B75-26B8-4F28-AECE-0369C22502A7}.Release|Any CPU.ActiveCfg = Release|Any CPU
		{1D4D7B75-26B8-4F28-AECE-0369C22502A7}.Release|Any CPU.Build.0 = Release|Any CPU
		{B6E20DC0-CB1D-484D-8324-D5C3B609C024}.Debug|Any CPU.ActiveCfg = Debug|Any CPU
		{B6E20DC0-CB1D-484D-8324-D5C3B609C024}.Debug|Any CPU.Build.0 = Debug|Any CPU
		{B6E20DC0-CB1D-484D-8324-D5C3B609C024}.Release|Any CPU.ActiveCfg = Release|Any CPU
		{B6E20DC0-CB1D-484D-8324-D5C3B609C024}.Release|Any CPU.Build.0 = Release|Any CPU
		{7E6CF97B-7645-470A-B0D6-70C47D0EE5CD}.Debug|Any CPU.ActiveCfg = Debug|Any CPU
		{7E6CF97B-7645-470A-B0D6-70C47D0EE5CD}.Debug|Any CPU.Build.0 = Debug|Any CPU
		{7E6CF97B-7645-470A-B0D6-70C47D0EE5CD}.Release|Any CPU.ActiveCfg = Release|Any CPU
		{7E6CF97B-7645-470A-B0D6-70C47D0EE5CD}.Release|Any CPU.Build.0 = Release|Any CPU
	EndGlobalSection
EndGlobal
