
Microsoft Visual Studio Solution File, Format Version 12.00
Project("{FAE04EC0-301F-11D3-BF4B-00C04F79EFBC}") = "EVCharging.Repositories.TrongLH", "EVCharging.Repositories.TrongLH\EVCharging.Repositories.TrongLH.csproj", "{4E0DD77A-26D2-430B-AAC2-3011718564EE}"
EndProject
Project("{FAE04EC0-301F-11D3-BF4B-00C04F79EFBC}") = "EVCharging.Services.TrongLH", "EVCharging.Services.TrongLH\EVCharging.Services.TrongLH.csproj", "{03A8D279-386F-49EA-A0D1-956858DAB070}"
EndProject
Global
	GlobalSection(SolutionConfigurationPlatforms) = preSolution
		Debug|Any CPU = Debug|Any CPU
		Release|Any CPU = Release|Any CPU
	EndGlobalSection
	GlobalSection(ProjectConfigurationPlatforms) = postSolution
		{4E0DD77A-26D2-430B-AAC2-3011718564EE}.Debug|Any CPU.ActiveCfg = Debug|Any CPU
		{4E0DD77A-26D2-430B-AAC2-3011718564EE}.Debug|Any CPU.Build.0 = Debug|Any CPU
		{4E0DD77A-26D2-430B-AAC2-3011718564EE}.Release|Any CPU.ActiveCfg = Release|Any CPU
		{4E0DD77A-26D2-430B-AAC2-3011718564EE}.Release|Any CPU.Build.0 = Release|Any CPU
		{03A8D279-386F-49EA-A0D1-956858DAB070}.Debug|Any CPU.ActiveCfg = Debug|Any CPU
		{03A8D279-386F-49EA-A0D1-956858DAB070}.Debug|Any CPU.Build.0 = Debug|Any CPU
		{03A8D279-386F-49EA-A0D1-956858DAB070}.Release|Any CPU.ActiveCfg = Release|Any CPU
		{03A8D279-386F-49EA-A0D1-956858DAB070}.Release|Any CPU.Build.0 = Release|Any CPU
	EndGlobalSection
EndGlobal
